
Microsoft Visual Studio Solution File, Format Version 12.00
# Visual Studio Version 17
VisualStudioVersion = 17.6.33723.286
MinimumVisualStudioVersion = 10.0.40219.1
Project("{FAE04EC0-301F-11D3-BF4B-00C04F79EFBC}") = "StatePattern", "StatePattern\StatePattern.csproj", "{FE14F8E6-4790-4CFD-B241-528080684208}"
EndProject
Project("{FAE04EC0-301F-11D3-BF4B-00C04F79EFBC}") = "StatePattern_2", "StatePatter_2\StatePattern_2.csproj", "{8169CC3D-24E6-4115-97D7-EDE81B941E80}"
EndProject
Global
	GlobalSection(SolutionConfigurationPlatforms) = preSolution
		Debug|Any CPU = Debug|Any CPU
		Release|Any CPU = Release|Any CPU
	EndGlobalSection
	GlobalSection(ProjectConfigurationPlatforms) = postSolution
		{FE14F8E6-4790-4CFD-B241-528080684208}.Debug|Any CPU.ActiveCfg = Debug|Any CPU
		{FE14F8E6-4790-4CFD-B241-528080684208}.Debug|Any CPU.Build.0 = Debug|Any CPU
		{FE14F8E6-4790-4CFD-B241-528080684208}.Release|Any CPU.ActiveCfg = Release|Any CPU
		{FE14F8E6-4790-4CFD-B241-528080684208}.Release|Any CPU.Build.0 = Release|Any CPU
		{8169CC3D-24E6-4115-97D7-EDE81B941E80}.Debug|Any CPU.ActiveCfg = Debug|Any CPU
		{8169CC3D-24E6-4115-97D7-EDE81B941E80}.Debug|Any CPU.Build.0 = Debug|Any CPU
		{8169CC3D-24E6-4115-97D7-EDE81B941E80}.Release|Any CPU.ActiveCfg = Release|Any CPU
		{8169CC3D-24E6-4115-97D7-EDE81B941E80}.Release|Any CPU.Build.0 = Release|Any CPU
	EndGlobalSection
	GlobalSection(SolutionProperties) = preSolution
		HideSolutionNode = FALSE
	EndGlobalSection
	GlobalSection(ExtensibilityGlobals) = postSolution
		SolutionGuid = {325712BD-C28D-429D-BF3D-30A53F53D582}
	EndGlobalSection
EndGlobal
